
Microsoft Visual Studio Solution File, Format Version 12.00
# Visual Studio Version 16
VisualStudioVersion = 16.0.30225.117
MinimumVisualStudioVersion = 10.0.40219.1
Project("{FAE04EC0-301F-11D3-BF4B-00C04F79EFBC}") = "DirectoryCapitals", "DirectoryCapitals\DirectoryCapitals.csproj", "{C8B3B202-92D7-4692-A080-3BD52F5BDE68}"
EndProject
Global
	GlobalSection(SolutionConfigurationPlatforms) = preSolution
		Debug|Any CPU = Debug|Any CPU
		Release|Any CPU = Release|Any CPU
	EndGlobalSection
	GlobalSection(ProjectConfigurationPlatforms) = postSolution
		{C8B3B202-92D7-4692-A080-3BD52F5BDE68}.Debug|Any CPU.ActiveCfg = Debug|Any CPU
		{C8B3B202-92D7-4692-A080-3BD52F5BDE68}.Debug|Any CPU.Build.0 = Debug|Any CPU
		{C8B3B202-92D7-4692-A080-3BD52F5BDE68}.Release|Any CPU.ActiveCfg = Release|Any CPU
		{C8B3B202-92D7-4692-A080-3BD52F5BDE68}.Release|Any CPU.Build.0 = Release|Any CPU
	EndGlobalSection
	GlobalSection(SolutionProperties) = preSolution
		HideSolutionNode = FALSE
	EndGlobalSection
	GlobalSection(ExtensibilityGlobals) = postSolution
		SolutionGuid = {D37F7098-23AE-4E91-BAEF-E2B55DB2AAB6}
	EndGlobalSection
EndGlobal
