
Microsoft Visual Studio Solution File, Format Version 12.00
# Visual Studio Version 16
VisualStudioVersion = 16.0.29806.167
MinimumVisualStudioVersion = 10.0.40219.1
Project("{FAE04EC0-301F-11D3-BF4B-00C04F79EFBC}") = "AISKinoteatr", "AISKinoteatr.csproj", "{6840A6B8-D76D-4037-B782-9E1FA0A0AE09}"
EndProject
Global
	GlobalSection(SolutionConfigurationPlatforms) = preSolution
		Debug|Any CPU = Debug|Any CPU
		Release|Any CPU = Release|Any CPU
	EndGlobalSection
	GlobalSection(ProjectConfigurationPlatforms) = postSolution
		{6840A6B8-D76D-4037-B782-9E1FA0A0AE09}.Debug|Any CPU.ActiveCfg = Debug|Any CPU
		{6840A6B8-D76D-4037-B782-9E1FA0A0AE09}.Debug|Any CPU.Build.0 = Debug|Any CPU
		{6840A6B8-D76D-4037-B782-9E1FA0A0AE09}.Release|Any CPU.ActiveCfg = Release|Any CPU
		{6840A6B8-D76D-4037-B782-9E1FA0A0AE09}.Release|Any CPU.Build.0 = Release|Any CPU
	EndGlobalSection
	GlobalSection(SolutionProperties) = preSolution
		HideSolutionNode = FALSE
	EndGlobalSection
	GlobalSection(ExtensibilityGlobals) = postSolution
		SolutionGuid = {9513D301-5A91-4CB0-A2E3-E98F1ECE3DFE}
	EndGlobalSection
EndGlobal
